// !$*UTF8*$!
{
	archiveVersion = 1;
	classes = {
	};
	objectVersion = 48;
	objects = {

/* Begin PBXBuildFile section */
		2FAD9763203C412B000D30F8 /* config.xml in Resources */ = {isa = PBXBuildFile; fileRef = 2FAD9762203C412B000D30F8 /* config.xml */; };
		50379B232058CBB4000EE86E /* capacitor.config.json in Resources */ = {isa = PBXBuildFile; fileRef = 50379B222058CBB4000EE86E /* capacitor.config.json */; };
		504EC3081FED79650016851F /* AppDelegate.swift in Sources */ = {isa = PBXBuildFile; fileRef = 504EC3071FED79650016851F /* AppDelegate.swift */; };
		A1AA11A200000000000INTNT /* AlmaAppIntents.swift in Sources */ = {isa = PBXBuildFile; fileRef = A1AA11A100000000000INTNT /* AlmaAppIntents.swift */; };
		504EC30D1FED79650016851F /* Main.storyboard in Resources */ = {isa = PBXBuildFile; fileRef = 504EC30B1FED79650016851F /* Main.storyboard */; };
		504EC30F1FED79650016851F /* Assets.xcassets in Resources */ = {isa = PBXBuildFile; fileRef = 504EC30E1FED79650016851F /* Assets.xcassets */; };
		504EC3121FED79650016851F /* LaunchScreen.storyboard in Resources */ = {isa = PBXBuildFile; fileRef = 504EC3101FED79650016851F /* LaunchScreen.storyboard */; };
		50B271D11FEDC1A000F3C39B /* public in Resources */ = {isa = PBXBuildFile; fileRef = 50B271D01FEDC1A000F3C39B /* public */; };
		A084ECDBA7D38E1E42DFC39D /* Pods_App.framework in Frameworks */ = {isa = PBXBuildFile; fileRef = AF277DCFFFF123FFC6DF26C7 /* Pods_App.framework */; };
		B1AA2200000000000000B001 /* AlmaWidgetBundle.swift in Sources */ = {isa = PBXBuildFile; fileRef = B1AA2200000000000000A003 /* AlmaWidgetBundle.swift */; };
		B1AA2200000000000000B002 /* AlmaWidget.swift in Sources */ = {isa = PBXBuildFile; fileRef = B1AA2200000000000000A004 /* AlmaWidget.swift */; };
		B1AA2200000000000000B003 /* AlmaWidgetExtension.appex in Embed Foundation Extensions */ = {isa = PBXBuildFile; fileRef = B1AA2200000000000000A002 /* AlmaWidgetExtension.appex */; settings = {ATTRIBUTES = (RemoveHeadersOnCopy, ); }; };
		C1AA3300000000000000B001 /* PulseActivityAttributes.swift in Sources */ = {isa = PBXBuildFile; fileRef = C1AA3300000000000000A001 /* PulseActivityAttributes.swift */; };
		C1AA3300000000000000B002 /* LiveActivityBridge.swift in Sources */ = {isa = PBXBuildFile; fileRef = C1AA3300000000000000A002 /* LiveActivityBridge.swift */; };
		C1AA3300000000000000B003 /* AlmaBridgeViewController.swift in Sources */ = {isa = PBXBuildFile; fileRef = C1AA3300000000000000A003 /* AlmaBridgeViewController.swift */; };
		C1AA3300000000000000B004 /* PulseLiveActivity.swift in Sources */ = {isa = PBXBuildFile; fileRef = C1AA3300000000000000A004 /* PulseLiveActivity.swift */; };
		C1AA3300000000000000B005 /* PulseActivityAttributes.swift in Sources */ = {isa = PBXBuildFile; fileRef = C1AA3300000000000000A001 /* PulseActivityAttributes.swift */; };
		D1AA4400000000000000B001 /* NativeIntelligenceBridge.swift in Sources */ = {isa = PBXBuildFile; fileRef = D1AA4400000000000000A001 /* NativeIntelligenceBridge.swift */; };
		E1AA5500000000000000B001 /* NativeSpeechBridge.swift in Sources */ = {isa = PBXBuildFile; fileRef = E1AA5500000000000000A001 /* NativeSpeechBridge.swift */; };
		B2CC8800000000000000B001 /* AlmaCompanion.swift in Sources */ = {isa = PBXBuildFile; fileRef = B2CC8800000000000000A001 /* AlmaCompanion.swift */; };
		F1AA6600000000000000B001 /* AlmaEntities.swift in Sources */ = {isa = PBXBuildFile; fileRef = F1AA6600000000000000A001 /* AlmaEntities.swift */; };
		F1AA6600000000000000B002 /* EntityCacheBridge.swift in Sources */ = {isa = PBXBuildFile; fileRef = F1AA6600000000000000A002 /* EntityCacheBridge.swift */; };
		A2BB7700000000000000B001 /* BackgroundRefresh.swift in Sources */ = {isa = PBXBuildFile; fileRef = A2BB7700000000000000A001 /* BackgroundRefresh.swift */; };
		F2AA7700000000000000B001 /* SpikeNativeShell.swift in Sources */ = {isa = PBXBuildFile; fileRef = F2AA7700000000000000A001 /* SpikeNativeShell.swift */; };
		F2AA7700000000000000B002 /* ClaudeTopFade.swift in Sources */ = {isa = PBXBuildFile; fileRef = F2AA7700000000000000A002 /* ClaudeTopFade.swift */; };
		F2AA7700000000000000B010 /* AlmaAPI.swift in Sources */ = {isa = PBXBuildFile; fileRef = F2AA7700000000000000A010 /* AlmaAPI.swift */; };
		F2AA7700000000000000B011 /* SwiftUIShell.swift in Sources */ = {isa = PBXBuildFile; fileRef = F2AA7700000000000000A011 /* SwiftUIShell.swift */; };
		F2AA7700000000000000B012 /* MoreMenuSwiftUI.swift in Sources */ = {isa = PBXBuildFile; fileRef = F2AA7700000000000000A012 /* MoreMenuSwiftUI.swift */; };
		F2AA7700000000000000B013 /* OrdersSwiftUI.swift in Sources */ = {isa = PBXBuildFile; fileRef = F2AA7700000000000000A013 /* OrdersSwiftUI.swift */; };
		F2AA7700000000000000B021 /* AssistantSwiftUI.swift in Sources */ = {isa = PBXBuildFile; fileRef = F2AA7700000000000000A021 /* AssistantSwiftUI.swift */; };
		F2AA7700000000000000B022 /* AssistantVoiceSwiftUI.swift in Sources */ = {isa = PBXBuildFile; fileRef = F2AA7700000000000000A022 /* AssistantVoiceSwiftUI.swift */; };
		F2AA7700000000000000B064 /* StaffMonitorSwiftUI.swift in Sources */ = {isa = PBXBuildFile; fileRef = F2AA7700000000000000A064 /* StaffMonitorSwiftUI.swift */; };
		F2AA7700000000000000B063 /* AgentGrowthSwiftUI.swift in Sources */ = {isa = PBXBuildFile; fileRef = F2AA7700000000000000A063 /* AgentGrowthSwiftUI.swift */; };
		F2AA7700000000000000B062 /* KnownPeopleSwiftUI.swift in Sources */ = {isa = PBXBuildFile; fileRef = F2AA7700000000000000A062 /* KnownPeopleSwiftUI.swift */; };
		F2AA7700000000000000B061 /* TradingStaffSwiftUI.swift in Sources */ = {isa = PBXBuildFile; fileRef = F2AA7700000000000000A061 /* TradingStaffSwiftUI.swift */; };
		F2AA7700000000000000B060 /* CatalogImagesSwiftUI.swift in Sources */ = {isa = PBXBuildFile; fileRef = F2AA7700000000000000A060 /* CatalogImagesSwiftUI.swift */; };
		F2AA7700000000000000B05F /* AgentWhatsappSwiftUI.swift in Sources */ = {isa = PBXBuildFile; fileRef = F2AA7700000000000000A05F /* AgentWhatsappSwiftUI.swift */; };
		F2AA7700000000000000B05E /* AgentCostsSwiftUI.swift in Sources */ = {isa = PBXBuildFile; fileRef = F2AA7700000000000000A05E /* AgentCostsSwiftUI.swift */; };
		F2AA7700000000000000B05D /* SettingsTelegramSwiftUI.swift in Sources */ = {isa = PBXBuildFile; fileRef = F2AA7700000000000000A05D /* SettingsTelegramSwiftUI.swift */; };
		F2AA7700000000000000B05C /* SettingsSessionSwiftUI.swift in Sources */ = {isa = PBXBuildFile; fileRef = F2AA7700000000000000A05C /* SettingsSessionSwiftUI.swift */; };
		F2AA7700000000000000B05B /* SettingsBrandingSwiftUI.swift in Sources */ = {isa = PBXBuildFile; fileRef = F2AA7700000000000000A05B /* SettingsBrandingSwiftUI.swift */; };
		F2AA7700000000000000B05A /* SettingsSmsSwiftUI.swift in Sources */ = {isa = PBXBuildFile; fileRef = F2AA7700000000000000A05A /* SettingsSmsSwiftUI.swift */; };
		F2AA7700000000000000B059 /* SettingsDatabaseSwiftUI.swift in Sources */ = {isa = PBXBuildFile; fileRef = F2AA7700000000000000A059 /* SettingsDatabaseSwiftUI.swift */; };
		F2AA7700000000000000B058 /* PortalSwiftUI.swift in Sources */ = {isa = PBXBuildFile; fileRef = F2AA7700000000000000A058 /* PortalSwiftUI.swift */; };
		F2AA7700000000000000B057 /* PortalOfficeSwiftUI.swift in Sources */ = {isa = PBXBuildFile; fileRef = F2AA7700000000000000A057 /* PortalOfficeSwiftUI.swift */; };
		F2AA7700000000000000B056 /* SupplierImportSwiftUI.swift in Sources */ = {isa = PBXBuildFile; fileRef = F2AA7700000000000000A056 /* SupplierImportSwiftUI.swift */; };
		F2AA7700000000000000B055 /* SettingsUsersSwiftUI.swift in Sources */ = {isa = PBXBuildFile; fileRef = F2AA7700000000000000A055 /* SettingsUsersSwiftUI.swift */; };
		F2AA7700000000000000B054 /* SettingsNotificationsSwiftUI.swift in Sources */ = {isa = PBXBuildFile; fileRef = F2AA7700000000000000A054 /* SettingsNotificationsSwiftUI.swift */; };
		F2AA7700000000000000B053 /* PortalExpenseSwiftUI.swift in Sources */ = {isa = PBXBuildFile; fileRef = F2AA7700000000000000A053 /* PortalExpenseSwiftUI.swift */; };
		F2AA7700000000000000B052 /* PaymentAccountsSwiftUI.swift in Sources */ = {isa = PBXBuildFile; fileRef = F2AA7700000000000000A052 /* PaymentAccountsSwiftUI.swift */; };
		F2AA7700000000000000B051 /* SystemDiagnosticsSwiftUI.swift in Sources */ = {isa = PBXBuildFile; fileRef = F2AA7700000000000000A051 /* SystemDiagnosticsSwiftUI.swift */; };
		F2AA7700000000000000B050 /* InsightsSwiftUI.swift in Sources */ = {isa = PBXBuildFile; fileRef = F2AA7700000000000000A050 /* InsightsSwiftUI.swift */; };
		F2AA7700000000000000B04F /* BusinessArchiveSwiftUI.swift in Sources */ = {isa = PBXBuildFile; fileRef = F2AA7700000000000000A04F /* BusinessArchiveSwiftUI.swift */; };
		F2AA7700000000000000B04E /* TaskSpotlightSwiftUI.swift in Sources */ = {isa = PBXBuildFile; fileRef = F2AA7700000000000000A04E /* TaskSpotlightSwiftUI.swift */; };
		F2AA7700000000000000B04D /* BriefingSwiftUI.swift in Sources */ = {isa = PBXBuildFile; fileRef = F2AA7700000000000000A04D /* BriefingSwiftUI.swift */; };
		F2AA7700000000000000B04C /* AnalyticsSwiftUI.swift in Sources */ = {isa = PBXBuildFile; fileRef = F2AA7700000000000000A04C /* AnalyticsSwiftUI.swift */; };
		F2AA7700000000000000B04B /* AuditSwiftUI.swift in Sources */ = {isa = PBXBuildFile; fileRef = F2AA7700000000000000A04B /* AuditSwiftUI.swift */; };
		F2AA7700000000000000B04A /* CrmSwiftUI.swift in Sources */ = {isa = PBXBuildFile; fileRef = F2AA7700000000000000A04A /* CrmSwiftUI.swift */; };
		F2AA7700000000000000B049 /* AttendanceSwiftUI.swift in Sources */ = {isa = PBXBuildFile; fileRef = F2AA7700000000000000A049 /* AttendanceSwiftUI.swift */; };
		F2AA7700000000000000B048 /* EmployeesSwiftUI.swift in Sources */ = {isa = PBXBuildFile; fileRef = F2AA7700000000000000A048 /* EmployeesSwiftUI.swift */; };
		F2AA7700000000000000B047 /* InventorySwiftUI.swift in Sources */ = {isa = PBXBuildFile; fileRef = F2AA7700000000000000A047 /* InventorySwiftUI.swift */; };
		F2AA7700000000000000B046 /* ActivitySwiftUI.swift in Sources */ = {isa = PBXBuildFile; fileRef = F2AA7700000000000000A046 /* ActivitySwiftUI.swift */; };
		F2AA7700000000000000B045 /* OfficeFundSwiftUI.swift in Sources */ = {isa = PBXBuildFile; fileRef = F2AA7700000000000000A045 /* OfficeFundSwiftUI.swift */; };
		F2AA7700000000000000B044 /* PayrollSwiftUI.swift in Sources */ = {isa = PBXBuildFile; fileRef = F2AA7700000000000000A044 /* PayrollSwiftUI.swift */; };
		F2AA7700000000000000B043 /* ExpensesSwiftUI.swift in Sources */ = {isa = PBXBuildFile; fileRef = F2AA7700000000000000A043 /* ExpensesSwiftUI.swift */; };
		F2AA7700000000000000B042 /* InvoicesSwiftUI.swift in Sources */ = {isa = PBXBuildFile; fileRef = F2AA7700000000000000A042 /* InvoicesSwiftUI.swift */; };
		F2AA7700000000000000B041 /* FinanceSwiftUI.swift in Sources */ = {isa = PBXBuildFile; fileRef = F2AA7700000000000000A041 /* FinanceSwiftUI.swift */; };
		F2AA7700000000000000B080 /* DashboardSwiftUI.swift in Sources */ = {isa = PBXBuildFile; fileRef = F2AA7700000000000000A080 /* DashboardSwiftUI.swift */; };
		F2AA7700000000000000B040 /* AlmaNativeRouter.swift in Sources */ = {isa = PBXBuildFile; fileRef = F2AA7700000000000000A040 /* AlmaNativeRouter.swift */; };
		F2AA7700000000000000B014 /* ApprovalsSwiftUI.swift in Sources */ = {isa = PBXBuildFile; fileRef = F2AA7700000000000000A014 /* ApprovalsSwiftUI.swift */; };
		F2AA7700000000000000B015 /* CompanionSwiftUI.swift in Sources */ = {isa = PBXBuildFile; fileRef = F2AA7700000000000000A015 /* CompanionSwiftUI.swift */; };
		F2AA7700000000000000B016 /* OrderCreateSwiftUI.swift in Sources */ = {isa = PBXBuildFile; fileRef = F2AA7700000000000000A016 /* OrderCreateSwiftUI.swift */; };
/* End PBXBuildFile section */

/* Begin PBXFileReference section */
		2FAD9762203C412B000D30F8 /* config.xml */ = {isa = PBXFileReference; lastKnownFileType = text.xml; path = config.xml; sourceTree = "<group>"; };
		50379B222058CBB4000EE86E /* capacitor.config.json */ = {isa = PBXFileReference; fileEncoding = 4; lastKnownFileType = text.json; path = capacitor.config.json; sourceTree = "<group>"; };
		504EC3041FED79650016851F /* App.app */ = {isa = PBXFileReference; explicitFileType = wrapper.application; includeInIndex = 0; path = App.app; sourceTree = BUILT_PRODUCTS_DIR; };
		504EC3071FED79650016851F /* AppDelegate.swift */ = {isa = PBXFileReference; lastKnownFileType = sourcecode.swift; path = AppDelegate.swift; sourceTree = "<group>"; };
		A1AA11A100000000000INTNT /* AlmaAppIntents.swift */ = {isa = PBXFileReference; lastKnownFileType = sourcecode.swift; path = AlmaAppIntents.swift; sourceTree = "<group>"; };
		504EC30C1FED79650016851F /* Base */ = {isa = PBXFileReference; lastKnownFileType = file.storyboard; name = Base; path = Base.lproj/Main.storyboard; sourceTree = "<group>"; };
		504EC30E1FED79650016851F /* Assets.xcassets */ = {isa = PBXFileReference; lastKnownFileType = folder.assetcatalog; path = Assets.xcassets; sourceTree = "<group>"; };
		504EC3111FED79650016851F /* Base */ = {isa = PBXFileReference; lastKnownFileType = file.storyboard; name = Base; path = Base.lproj/LaunchScreen.storyboard; sourceTree = "<group>"; };
		504EC3131FED79650016851F /* Info.plist */ = {isa = PBXFileReference; lastKnownFileType = text.plist.xml; path = Info.plist; sourceTree = "<group>"; };
		50B271D01FEDC1A000F3C39B /* public */ = {isa = PBXFileReference; lastKnownFileType = folder; path = public; sourceTree = "<group>"; };
		AF277DCFFFF123FFC6DF26C7 /* Pods_App.framework */ = {isa = PBXFileReference; explicitFileType = wrapper.framework; includeInIndex = 0; path = Pods_App.framework; sourceTree = BUILT_PRODUCTS_DIR; };
		AF51FD2D460BCFE21FA515B2 /* Pods-App.release.xcconfig */ = {isa = PBXFileReference; includeInIndex = 1; lastKnownFileType = text.xcconfig; name = "Pods-App.release.xcconfig"; path = "Pods/Target Support Files/Pods-App/Pods-App.release.xcconfig"; sourceTree = "<group>"; };
		FC68EB0AF532CFC21C3344DD /* Pods-App.debug.xcconfig */ = {isa = PBXFileReference; includeInIndex = 1; lastKnownFileType = text.xcconfig; name = "Pods-App.debug.xcconfig"; path = "Pods/Target Support Files/Pods-App/Pods-App.debug.xcconfig"; sourceTree = "<group>"; };
		B1AA2200000000000000A002 /* AlmaWidgetExtension.appex */ = {isa = PBXFileReference; explicitFileType = "wrapper.app-extension"; includeInIndex = 0; path = AlmaWidgetExtension.appex; sourceTree = BUILT_PRODUCTS_DIR; };
		B1AA2200000000000000A003 /* AlmaWidgetBundle.swift */ = {isa = PBXFileReference; lastKnownFileType = sourcecode.swift; path = AlmaWidgetBundle.swift; sourceTree = "<group>"; };
		B1AA2200000000000000A004 /* AlmaWidget.swift */ = {isa = PBXFileReference; lastKnownFileType = sourcecode.swift; path = AlmaWidget.swift; sourceTree = "<group>"; };
		B1AA2200000000000000A005 /* Info.plist */ = {isa = PBXFileReference; lastKnownFileType = text.plist.xml; path = Info.plist; sourceTree = "<group>"; };
		C1AA3300000000000000A001 /* PulseActivityAttributes.swift */ = {isa = PBXFileReference; lastKnownFileType = sourcecode.swift; path = PulseActivityAttributes.swift; sourceTree = "<group>"; };
		C1AA3300000000000000A002 /* LiveActivityBridge.swift */ = {isa = PBXFileReference; lastKnownFileType = sourcecode.swift; path = LiveActivityBridge.swift; sourceTree = "<group>"; };
		C1AA3300000000000000A003 /* AlmaBridgeViewController.swift */ = {isa = PBXFileReference; lastKnownFileType = sourcecode.swift; path = AlmaBridgeViewController.swift; sourceTree = "<group>"; };
		C1AA3300000000000000A004 /* PulseLiveActivity.swift */ = {isa = PBXFileReference; lastKnownFileType = sourcecode.swift; path = PulseLiveActivity.swift; sourceTree = "<group>"; };
		D1AA4400000000000000A001 /* NativeIntelligenceBridge.swift */ = {isa = PBXFileReference; lastKnownFileType = sourcecode.swift; path = NativeIntelligenceBridge.swift; sourceTree = "<group>"; };
		E1AA5500000000000000A001 /* NativeSpeechBridge.swift */ = {isa = PBXFileReference; lastKnownFileType = sourcecode.swift; path = NativeSpeechBridge.swift; sourceTree = "<group>"; };
		B2CC8800000000000000A001 /* AlmaCompanion.swift */ = {isa = PBXFileReference; lastKnownFileType = sourcecode.swift; path = AlmaCompanion.swift; sourceTree = "<group>"; };
		F1AA6600000000000000A001 /* AlmaEntities.swift */ = {isa = PBXFileReference; lastKnownFileType = sourcecode.swift; path = AlmaEntities.swift; sourceTree = "<group>"; };
		F1AA6600000000000000A002 /* EntityCacheBridge.swift */ = {isa = PBXFileReference; lastKnownFileType = sourcecode.swift; path = EntityCacheBridge.swift; sourceTree = "<group>"; };
		F1AA6600000000000000A003 /* AlmaWidget.entitlements */ = {isa = PBXFileReference; lastKnownFileType = text.plist.entitlements; path = AlmaWidget.entitlements; sourceTree = "<group>"; };
		A2BB7700000000000000A001 /* BackgroundRefresh.swift */ = {isa = PBXFileReference; lastKnownFileType = sourcecode.swift; path = BackgroundRefresh.swift; sourceTree = "<group>"; };
		F2AA7700000000000000A001 /* SpikeNativeShell.swift */ = {isa = PBXFileReference; lastKnownFileType = sourcecode.swift; path = SpikeNativeShell.swift; sourceTree = "<group>"; };
		F2AA7700000000000000A002 /* ClaudeTopFade.swift */ = {isa = PBXFileReference; lastKnownFileType = sourcecode.swift; path = ClaudeTopFade.swift; sourceTree = "<group>"; };
		F2AA7700000000000000A010 /* AlmaAPI.swift */ = {isa = PBXFileReference; lastKnownFileType = sourcecode.swift; path = AlmaAPI.swift; sourceTree = "<group>"; };
		F2AA7700000000000000A011 /* SwiftUIShell.swift */ = {isa = PBXFileReference; lastKnownFileType = sourcecode.swift; path = SwiftUIShell.swift; sourceTree = "<group>"; };
		F2AA7700000000000000A012 /* MoreMenuSwiftUI.swift */ = {isa = PBXFileReference; lastKnownFileType = sourcecode.swift; path = MoreMenuSwiftUI.swift; sourceTree = "<group>"; };
		F2AA7700000000000000A013 /* OrdersSwiftUI.swift */ = {isa = PBXFileReference; lastKnownFileType = sourcecode.swift; path = OrdersSwiftUI.swift; sourceTree = "<group>"; };
		F2AA7700000000000000A021 /* AssistantSwiftUI.swift */ = {isa = PBXFileReference; lastKnownFileType = sourcecode.swift; path = AssistantSwiftUI.swift; sourceTree = "<group>"; };
		F2AA7700000000000000A022 /* AssistantVoiceSwiftUI.swift */ = {isa = PBXFileReference; lastKnownFileType = sourcecode.swift; path = AssistantVoiceSwiftUI.swift; sourceTree = "<group>"; };
		F2AA7700000000000000A064 /* StaffMonitorSwiftUI.swift */ = {isa = PBXFileReference; lastKnownFileType = sourcecode.swift; path = StaffMonitorSwiftUI.swift; sourceTree = "<group>"; };
		F2AA7700000000000000A063 /* AgentGrowthSwiftUI.swift */ = {isa = PBXFileReference; lastKnownFileType = sourcecode.swift; path = AgentGrowthSwiftUI.swift; sourceTree = "<group>"; };
		F2AA7700000000000000A062 /* KnownPeopleSwiftUI.swift */ = {isa = PBXFileReference; lastKnownFileType = sourcecode.swift; path = KnownPeopleSwiftUI.swift; sourceTree = "<group>"; };
		F2AA7700000000000000A061 /* TradingStaffSwiftUI.swift */ = {isa = PBXFileReference; lastKnownFileType = sourcecode.swift; path = TradingStaffSwiftUI.swift; sourceTree = "<group>"; };
		F2AA7700000000000000A060 /* CatalogImagesSwiftUI.swift */ = {isa = PBXFileReference; lastKnownFileType = sourcecode.swift; path = CatalogImagesSwiftUI.swift; sourceTree = "<group>"; };
		F2AA7700000000000000A05F /* AgentWhatsappSwiftUI.swift */ = {isa = PBXFileReference; lastKnownFileType = sourcecode.swift; path = AgentWhatsappSwiftUI.swift; sourceTree = "<group>"; };
		F2AA7700000000000000A05E /* AgentCostsSwiftUI.swift */ = {isa = PBXFileReference; lastKnownFileType = sourcecode.swift; path = AgentCostsSwiftUI.swift; sourceTree = "<group>"; };
		F2AA7700000000000000A05D /* SettingsTelegramSwiftUI.swift */ = {isa = PBXFileReference; lastKnownFileType = sourcecode.swift; path = SettingsTelegramSwiftUI.swift; sourceTree = "<group>"; };
		F2AA7700000000000000A05C /* SettingsSessionSwiftUI.swift */ = {isa = PBXFileReference; lastKnownFileType = sourcecode.swift; path = SettingsSessionSwiftUI.swift; sourceTree = "<group>"; };
		F2AA7700000000000000A05B /* SettingsBrandingSwiftUI.swift */ = {isa = PBXFileReference; lastKnownFileType = sourcecode.swift; path = SettingsBrandingSwiftUI.swift; sourceTree = "<group>"; };
		F2AA7700000000000000A05A /* SettingsSmsSwiftUI.swift */ = {isa = PBXFileReference; lastKnownFileType = sourcecode.swift; path = SettingsSmsSwiftUI.swift; sourceTree = "<group>"; };
		F2AA7700000000000000A059 /* SettingsDatabaseSwiftUI.swift */ = {isa = PBXFileReference; lastKnownFileType = sourcecode.swift; path = SettingsDatabaseSwiftUI.swift; sourceTree = "<group>"; };
		F2AA7700000000000000A058 /* PortalSwiftUI.swift */ = {isa = PBXFileReference; lastKnownFileType = sourcecode.swift; path = PortalSwiftUI.swift; sourceTree = "<group>"; };
		F2AA7700000000000000A057 /* PortalOfficeSwiftUI.swift */ = {isa = PBXFileReference; lastKnownFileType = sourcecode.swift; path = PortalOfficeSwiftUI.swift; sourceTree = "<group>"; };
		F2AA7700000000000000A056 /* SupplierImportSwiftUI.swift */ = {isa = PBXFileReference; lastKnownFileType = sourcecode.swift; path = SupplierImportSwiftUI.swift; sourceTree = "<group>"; };
		F2AA7700000000000000A055 /* SettingsUsersSwiftUI.swift */ = {isa = PBXFileReference; lastKnownFileType = sourcecode.swift; path = SettingsUsersSwiftUI.swift; sourceTree = "<group>"; };
		F2AA7700000000000000A054 /* SettingsNotificationsSwiftUI.swift */ = {isa = PBXFileReference; lastKnownFileType = sourcecode.swift; path = SettingsNotificationsSwiftUI.swift; sourceTree = "<group>"; };
		F2AA7700000000000000A053 /* PortalExpenseSwiftUI.swift */ = {isa = PBXFileReference; lastKnownFileType = sourcecode.swift; path = PortalExpenseSwiftUI.swift; sourceTree = "<group>"; };
		F2AA7700000000000000A052 /* PaymentAccountsSwiftUI.swift */ = {isa = PBXFileReference; lastKnownFileType = sourcecode.swift; path = PaymentAccountsSwiftUI.swift; sourceTree = "<group>"; };
		F2AA7700000000000000A051 /* SystemDiagnosticsSwiftUI.swift */ = {isa = PBXFileReference; lastKnownFileType = sourcecode.swift; path = SystemDiagnosticsSwiftUI.swift; sourceTree = "<group>"; };
		F2AA7700000000000000A050 /* InsightsSwiftUI.swift */ = {isa = PBXFileReference; lastKnownFileType = sourcecode.swift; path = InsightsSwiftUI.swift; sourceTree = "<group>"; };
		F2AA7700000000000000A04F /* BusinessArchiveSwiftUI.swift */ = {isa = PBXFileReference; lastKnownFileType = sourcecode.swift; path = BusinessArchiveSwiftUI.swift; sourceTree = "<group>"; };
		F2AA7700000000000000A04E /* TaskSpotlightSwiftUI.swift */ = {isa = PBXFileReference; lastKnownFileType = sourcecode.swift; path = TaskSpotlightSwiftUI.swift; sourceTree = "<group>"; };
		F2AA7700000000000000A04D /* BriefingSwiftUI.swift */ = {isa = PBXFileReference; lastKnownFileType = sourcecode.swift; path = BriefingSwiftUI.swift; sourceTree = "<group>"; };
		F2AA7700000000000000A04C /* AnalyticsSwiftUI.swift */ = {isa = PBXFileReference; lastKnownFileType = sourcecode.swift; path = AnalyticsSwiftUI.swift; sourceTree = "<group>"; };
		F2AA7700000000000000A04B /* AuditSwiftUI.swift */ = {isa = PBXFileReference; lastKnownFileType = sourcecode.swift; path = AuditSwiftUI.swift; sourceTree = "<group>"; };
		F2AA7700000000000000A04A /* CrmSwiftUI.swift */ = {isa = PBXFileReference; lastKnownFileType = sourcecode.swift; path = CrmSwiftUI.swift; sourceTree = "<group>"; };
		F2AA7700000000000000A049 /* AttendanceSwiftUI.swift */ = {isa = PBXFileReference; lastKnownFileType = sourcecode.swift; path = AttendanceSwiftUI.swift; sourceTree = "<group>"; };
		F2AA7700000000000000A048 /* EmployeesSwiftUI.swift */ = {isa = PBXFileReference; lastKnownFileType = sourcecode.swift; path = EmployeesSwiftUI.swift; sourceTree = "<group>"; };
		F2AA7700000000000000A047 /* InventorySwiftUI.swift */ = {isa = PBXFileReference; lastKnownFileType = sourcecode.swift; path = InventorySwiftUI.swift; sourceTree = "<group>"; };
		F2AA7700000000000000A046 /* ActivitySwiftUI.swift */ = {isa = PBXFileReference; lastKnownFileType = sourcecode.swift; path = ActivitySwiftUI.swift; sourceTree = "<group>"; };
		F2AA7700000000000000A045 /* OfficeFundSwiftUI.swift */ = {isa = PBXFileReference; lastKnownFileType = sourcecode.swift; path = OfficeFundSwiftUI.swift; sourceTree = "<group>"; };
		F2AA7700000000000000A044 /* PayrollSwiftUI.swift */ = {isa = PBXFileReference; lastKnownFileType = sourcecode.swift; path = PayrollSwiftUI.swift; sourceTree = "<group>"; };
		F2AA7700000000000000A043 /* ExpensesSwiftUI.swift */ = {isa = PBXFileReference; lastKnownFileType = sourcecode.swift; path = ExpensesSwiftUI.swift; sourceTree = "<group>"; };
		F2AA7700000000000000A042 /* InvoicesSwiftUI.swift */ = {isa = PBXFileReference; lastKnownFileType = sourcecode.swift; path = InvoicesSwiftUI.swift; sourceTree = "<group>"; };
		F2AA7700000000000000A041 /* FinanceSwiftUI.swift */ = {isa = PBXFileReference; lastKnownFileType = sourcecode.swift; path = FinanceSwiftUI.swift; sourceTree = "<group>"; };
		F2AA7700000000000000A080 /* DashboardSwiftUI.swift */ = {isa = PBXFileReference; lastKnownFileType = sourcecode.swift; path = DashboardSwiftUI.swift; sourceTree = "<group>"; };
		F2AA7700000000000000A040 /* AlmaNativeRouter.swift */ = {isa = PBXFileReference; lastKnownFileType = sourcecode.swift; path = AlmaNativeRouter.swift; sourceTree = "<group>"; };
		F2AA7700000000000000A014 /* ApprovalsSwiftUI.swift */ = {isa = PBXFileReference; lastKnownFileType = sourcecode.swift; path = ApprovalsSwiftUI.swift; sourceTree = "<group>"; };
		F2AA7700000000000000A015 /* CompanionSwiftUI.swift */ = {isa = PBXFileReference; lastKnownFileType = sourcecode.swift; path = CompanionSwiftUI.swift; sourceTree = "<group>"; };
		F2AA7700000000000000A016 /* OrderCreateSwiftUI.swift */ = {isa = PBXFileReference; lastKnownFileType = sourcecode.swift; path = OrderCreateSwiftUI.swift; sourceTree = "<group>"; };
/* End PBXFileReference section */

/* Begin PBXCopyFilesBuildPhase section */
		B1AA2200000000000000C004 /* Embed Foundation Extensions */ = {
			isa = PBXCopyFilesBuildPhase;
			buildActionMask = 2147483647;
			dstPath = "";
			dstSubfolderSpec = 13;
			files = (
				B1AA2200000000000000B003 /* AlmaWidgetExtension.appex in Embed Foundation Extensions */,
			);
			name = "Embed Foundation Extensions";
			runOnlyForDeploymentPostprocessing = 0;
		};
/* End PBXCopyFilesBuildPhase section */

/* Begin PBXFrameworksBuildPhase section */
		504EC3011FED79650016851F /* Frameworks */ = {
			isa = PBXFrameworksBuildPhase;
			buildActionMask = 2147483647;
			files = (
				A084ECDBA7D38E1E42DFC39D /* Pods_App.framework in Frameworks */,
			);
			runOnlyForDeploymentPostprocessing = 0;
		};
		B1AA2200000000000000C002 /* Frameworks */ = {
			isa = PBXFrameworksBuildPhase;
			buildActionMask = 2147483647;
			files = (
			);
			runOnlyForDeploymentPostprocessing = 0;
		};
/* End PBXFrameworksBuildPhase section */

/* Begin PBXGroup section */
		27E2DDA53C4D2A4D1A88CE4A /* Frameworks */ = {
			isa = PBXGroup;
			children = (
				AF277DCFFFF123FFC6DF26C7 /* Pods_App.framework */,
			);
			name = Frameworks;
			sourceTree = "<group>";
		};
		504EC2FB1FED79650016851F = {
			isa = PBXGroup;
			children = (
				504EC3061FED79650016851F /* App */,
				B1AA2200000000000000E001 /* AlmaWidget */,
				504EC3051FED79650016851F /* Products */,
				7F8756D8B27F46E3366F6CEA /* Pods */,
				27E2DDA53C4D2A4D1A88CE4A /* Frameworks */,
			);
			sourceTree = "<group>";
		};
		504EC3051FED79650016851F /* Products */ = {
			isa = PBXGroup;
			children = (
				504EC3041FED79650016851F /* App.app */,
				B1AA2200000000000000A002 /* AlmaWidgetExtension.appex */,
			);
			name = Products;
			sourceTree = "<group>";
		};
		504EC3061FED79650016851F /* App */ = {
			isa = PBXGroup;
			children = (
				50379B222058CBB4000EE86E /* capacitor.config.json */,
				504EC3071FED79650016851F /* AppDelegate.swift */,
				A1AA11A100000000000INTNT /* AlmaAppIntents.swift */,
				C1AA3300000000000000A001 /* PulseActivityAttributes.swift */,
				C1AA3300000000000000A002 /* LiveActivityBridge.swift */,
				C1AA3300000000000000A003 /* AlmaBridgeViewController.swift */,
				D1AA4400000000000000A001 /* NativeIntelligenceBridge.swift */,
				E1AA5500000000000000A001 /* NativeSpeechBridge.swift */,
				B2CC8800000000000000A001 /* AlmaCompanion.swift */,
				F1AA6600000000000000A001 /* AlmaEntities.swift */,
				F1AA6600000000000000A002 /* EntityCacheBridge.swift */,
				A2BB7700000000000000A001 /* BackgroundRefresh.swift */,
				F2AA7700000000000000A001 /* SpikeNativeShell.swift */,
				F2AA7700000000000000A002 /* ClaudeTopFade.swift */,
				F2AA7700000000000000A010 /* AlmaAPI.swift */,
				F2AA7700000000000000A011 /* SwiftUIShell.swift */,
				F2AA7700000000000000A012 /* MoreMenuSwiftUI.swift */,
				F2AA7700000000000000A013 /* OrdersSwiftUI.swift */,
				F2AA7700000000000000A021 /* AssistantSwiftUI.swift */,
				F2AA7700000000000000A022 /* AssistantVoiceSwiftUI.swift */,
				F2AA7700000000000000A064 /* StaffMonitorSwiftUI.swift */,
				F2AA7700000000000000A063 /* AgentGrowthSwiftUI.swift */,
				F2AA7700000000000000A062 /* KnownPeopleSwiftUI.swift */,
				F2AA7700000000000000A061 /* TradingStaffSwiftUI.swift */,
				F2AA7700000000000000A060 /* CatalogImagesSwiftUI.swift */,
				F2AA7700000000000000A05F /* AgentWhatsappSwiftUI.swift */,
				F2AA7700000000000000A05E /* AgentCostsSwiftUI.swift */,
				F2AA7700000000000000A05D /* SettingsTelegramSwiftUI.swift */,
				F2AA7700000000000000A05C /* SettingsSessionSwiftUI.swift */,
				F2AA7700000000000000A05B /* SettingsBrandingSwiftUI.swift */,
				F2AA7700000000000000A05A /* SettingsSmsSwiftUI.swift */,
				F2AA7700000000000000A059 /* SettingsDatabaseSwiftUI.swift */,
				F2AA7700000000000000A058 /* PortalSwiftUI.swift */,
				F2AA7700000000000000A057 /* PortalOfficeSwiftUI.swift */,
				F2AA7700000000000000A056 /* SupplierImportSwiftUI.swift */,
				F2AA7700000000000000A055 /* SettingsUsersSwiftUI.swift */,
				F2AA7700000000000000A054 /* SettingsNotificationsSwiftUI.swift */,
				F2AA7700000000000000A053 /* PortalExpenseSwiftUI.swift */,
				F2AA7700000000000000A052 /* PaymentAccountsSwiftUI.swift */,
				F2AA7700000000000000A051 /* SystemDiagnosticsSwiftUI.swift */,
				F2AA7700000000000000A050 /* InsightsSwiftUI.swift */,
				F2AA7700000000000000A04F /* BusinessArchiveSwiftUI.swift */,
				F2AA7700000000000000A04E /* TaskSpotlightSwiftUI.swift */,
				F2AA7700000000000000A04D /* BriefingSwiftUI.swift */,
				F2AA7700000000000000A04C /* AnalyticsSwiftUI.swift */,
				F2AA7700000000000000A04B /* AuditSwiftUI.swift */,
				F2AA7700000000000000A04A /* CrmSwiftUI.swift */,
				F2AA7700000000000000A049 /* AttendanceSwiftUI.swift */,
				F2AA7700000000000000A048 /* EmployeesSwiftUI.swift */,
				F2AA7700000000000000A047 /* InventorySwiftUI.swift */,
				F2AA7700000000000000A046 /* ActivitySwiftUI.swift */,
				F2AA7700000000000000A045 /* OfficeFundSwiftUI.swift */,
				F2AA7700000000000000A044 /* PayrollSwiftUI.swift */,
				F2AA7700000000000000A043 /* ExpensesSwiftUI.swift */,
				F2AA7700000000000000A042 /* InvoicesSwiftUI.swift */,
				F2AA7700000000000000A041 /* FinanceSwiftUI.swift */,
				F2AA7700000000000000A080 /* DashboardSwiftUI.swift */,
				F2AA7700000000000000A040 /* AlmaNativeRouter.swift */,
				F2AA7700000000000000A014 /* ApprovalsSwiftUI.swift */,
				F2AA7700000000000000A015 /* CompanionSwiftUI.swift */,
				F2AA7700000000000000A016 /* OrderCreateSwiftUI.swift */,
				504EC30B1FED79650016851F /* Main.storyboard */,
				504EC30E1FED79650016851F /* Assets.xcassets */,
				504EC3101FED79650016851F /* LaunchScreen.storyboard */,
				504EC3131FED79650016851F /* Info.plist */,
				2FAD9762203C412B000D30F8 /* config.xml */,
				50B271D01FEDC1A000F3C39B /* public */,
			);
			path = App;
			sourceTree = "<group>";
		};
		7F8756D8B27F46E3366F6CEA /* Pods */ = {
			isa = PBXGroup;
			children = (
				FC68EB0AF532CFC21C3344DD /* Pods-App.debug.xcconfig */,
				AF51FD2D460BCFE21FA515B2 /* Pods-App.release.xcconfig */,
			);
			name = Pods;
			sourceTree = "<group>";
		};
		B1AA2200000000000000E001 /* AlmaWidget */ = {
			isa = PBXGroup;
			children = (
				B1AA2200000000000000A003 /* AlmaWidgetBundle.swift */,
				B1AA2200000000000000A004 /* AlmaWidget.swift */,
				C1AA3300000000000000A004 /* PulseLiveActivity.swift */,
				B1AA2200000000000000A005 /* Info.plist */,
				F1AA6600000000000000A003 /* AlmaWidget.entitlements */,
			);
			path = AlmaWidget;
			sourceTree = "<group>";
		};
/* End PBXGroup section */

/* Begin PBXNativeTarget section */
		504EC3031FED79650016851F /* App */ = {
			isa = PBXNativeTarget;
			buildConfigurationList = 504EC3161FED79650016851F /* Build configuration list for PBXNativeTarget "App" */;
			buildPhases = (
				6634F4EFEBD30273BCE97C65 /* [CP] Check Pods Manifest.lock */,
				504EC3001FED79650016851F /* Sources */,
				504EC3011FED79650016851F /* Frameworks */,
				504EC3021FED79650016851F /* Resources */,
				9592DBEFFC6D2A0C8D5DEB22 /* [CP] Embed Pods Frameworks */,
				B1AA2200000000000000C004 /* Embed Foundation Extensions */,
			);
			buildRules = (
			);
			dependencies = (
				B1AA2200000000000000F001 /* PBXTargetDependency */,
			);
			name = App;
			productName = App;
			productReference = 504EC3041FED79650016851F /* App.app */;
			productType = "com.apple.product-type.application";
		};
		B1AA2200000000000000A001 /* AlmaWidgetExtension */ = {
			isa = PBXNativeTarget;
			buildConfigurationList = B1AA2200000000000000D001 /* Build configuration list for PBXNativeTarget "AlmaWidgetExtension" */;
			buildPhases = (
				B1AA2200000000000000C001 /* Sources */,
				B1AA2200000000000000C002 /* Frameworks */,
				B1AA2200000000000000C003 /* Resources */,
			);
			buildRules = (
			);
			dependencies = (
			);
			name = AlmaWidgetExtension;
			productName = AlmaWidgetExtension;
			productReference = B1AA2200000000000000A002 /* AlmaWidgetExtension.appex */;
			productType = "com.apple.product-type.app-extension";
		};
/* End PBXNativeTarget section */

/* Begin PBXContainerItemProxy section */
		B1AA2200000000000000F002 /* PBXContainerItemProxy */ = {
			isa = PBXContainerItemProxy;
			containerPortal = 504EC2FC1FED79650016851F /* Project object */;
			proxyType = 1;
			remoteGlobalIDString = B1AA2200000000000000A001 /* AlmaWidgetExtension */;
			remoteInfo = AlmaWidgetExtension;
		};
/* End PBXContainerItemProxy section */

/* Begin PBXTargetDependency section */
		B1AA2200000000000000F001 /* PBXTargetDependency */ = {
			isa = PBXTargetDependency;
			target = B1AA2200000000000000A001 /* AlmaWidgetExtension */;
			targetProxy = B1AA2200000000000000F002 /* PBXContainerItemProxy */;
		};
/* End PBXTargetDependency section */

/* Begin PBXProject section */
		504EC2FC1FED79650016851F /* Project object */ = {
			isa = PBXProject;
			attributes = {
				LastSwiftUpdateCheck = 0920;
				LastUpgradeCheck = 0920;
				TargetAttributes = {
					504EC3031FED79650016851F = {
						CreatedOnToolsVersion = 9.2;
						LastSwiftMigration = 1100;
						ProvisioningStyle = Automatic;
					};
					B1AA2200000000000000A001 = {
						CreatedOnToolsVersion = 15.0;
						ProvisioningStyle = Automatic;
					};
				};
			};
			buildConfigurationList = 504EC2FF1FED79650016851F /* Build configuration list for PBXProject "App" */;
			compatibilityVersion = "Xcode 8.0";
			developmentRegion = en;
			hasScannedForEncodings = 0;
			knownRegions = (
				en,
				Base,
			);
			mainGroup = 504EC2FB1FED79650016851F;
			packageReferences = (
			);
			productRefGroup = 504EC3051FED79650016851F /* Products */;
			projectDirPath = "";
			projectRoot = "";
			targets = (
				504EC3031FED79650016851F /* App */,
				B1AA2200000000000000A001 /* AlmaWidgetExtension */,
			);
		};
/* End PBXProject section */

/* Begin PBXResourcesBuildPhase section */
		504EC3021FED79650016851F /* Resources */ = {
			isa = PBXResourcesBuildPhase;
			buildActionMask = 2147483647;
			files = (
				504EC3121FED79650016851F /* LaunchScreen.storyboard in Resources */,
				50B271D11FEDC1A000F3C39B /* public in Resources */,
				504EC30F1FED79650016851F /* Assets.xcassets in Resources */,
				50379B232058CBB4000EE86E /* capacitor.config.json in Resources */,
				504EC30D1FED79650016851F /* Main.storyboard in Resources */,
				2FAD9763203C412B000D30F8 /* config.xml in Resources */,
			);
			runOnlyForDeploymentPostprocessing = 0;
		};
		B1AA2200000000000000C003 /* Resources */ = {
			isa = PBXResourcesBuildPhase;
			buildActionMask = 2147483647;
			files = (
			);
			runOnlyForDeploymentPostprocessing = 0;
		};
/* End PBXResourcesBuildPhase section */

/* Begin PBXShellScriptBuildPhase section */
		6634F4EFEBD30273BCE97C65 /* [CP] Check Pods Manifest.lock */ = {
			isa = PBXShellScriptBuildPhase;
			buildActionMask = 2147483647;
			files = (
			);
			inputPaths = (
				"${PODS_PODFILE_DIR_PATH}/Podfile.lock",
				"${PODS_ROOT}/Manifest.lock",
			);
			name = "[CP] Check Pods Manifest.lock";
			outputPaths = (
				"$(DERIVED_FILE_DIR)/Pods-App-checkManifestLockResult.txt",
			);
			runOnlyForDeploymentPostprocessing = 0;
			shellPath = /bin/sh;
			shellScript = "diff \"${PODS_PODFILE_DIR_PATH}/Podfile.lock\" \"${PODS_ROOT}/Manifest.lock\" > /dev/null\nif [ $? != 0 ] ; then\n    # print error to STDERR\n    echo \"error: The sandbox is not in sync with the Podfile.lock. Run 'pod install' or update your CocoaPods installation.\" >&2\n    exit 1\nfi\n# This output is used by Xcode 'outputs' to avoid re-running this script phase.\necho \"SUCCESS\" > \"${SCRIPT_OUTPUT_FILE_0}\"\n";
			showEnvVarsInLog = 0;
		};
		9592DBEFFC6D2A0C8D5DEB22 /* [CP] Embed Pods Frameworks */ = {
			isa = PBXShellScriptBuildPhase;
			buildActionMask = 2147483647;
			files = (
			);
			inputPaths = (
			);
			name = "[CP] Embed Pods Frameworks";
			outputPaths = (
			);
			runOnlyForDeploymentPostprocessing = 0;
			shellPath = /bin/sh;
			shellScript = "\"${PODS_ROOT}/Target Support Files/Pods-App/Pods-App-frameworks.sh\"\n";
			showEnvVarsInLog = 0;
		};
/* End PBXShellScriptBuildPhase section */

/* Begin PBXSourcesBuildPhase section */
		504EC3001FED79650016851F /* Sources */ = {
			isa = PBXSourcesBuildPhase;
			buildActionMask = 2147483647;
			files = (
				504EC3081FED79650016851F /* AppDelegate.swift in Sources */,
				A1AA11A200000000000INTNT /* AlmaAppIntents.swift in Sources */,
				C1AA3300000000000000B001 /* PulseActivityAttributes.swift in Sources */,
				C1AA3300000000000000B002 /* LiveActivityBridge.swift in Sources */,
				C1AA3300000000000000B003 /* AlmaBridgeViewController.swift in Sources */,
				D1AA4400000000000000B001 /* NativeIntelligenceBridge.swift in Sources */,
				E1AA5500000000000000B001 /* NativeSpeechBridge.swift in Sources */,
				B2CC8800000000000000B001 /* AlmaCompanion.swift in Sources */,
				F1AA6600000000000000B001 /* AlmaEntities.swift in Sources */,
				F1AA6600000000000000B002 /* EntityCacheBridge.swift in Sources */,
				A2BB7700000000000000B001 /* BackgroundRefresh.swift in Sources */,
				F2AA7700000000000000B001 /* SpikeNativeShell.swift in Sources */,
				F2AA7700000000000000B002 /* ClaudeTopFade.swift in Sources */,
				F2AA7700000000000000B010 /* AlmaAPI.swift in Sources */,
				F2AA7700000000000000B011 /* SwiftUIShell.swift in Sources */,
				F2AA7700000000000000B012 /* MoreMenuSwiftUI.swift in Sources */,
				F2AA7700000000000000B013 /* OrdersSwiftUI.swift in Sources */,
				F2AA7700000000000000B021 /* AssistantSwiftUI.swift in Sources */,
				F2AA7700000000000000B022 /* AssistantVoiceSwiftUI.swift in Sources */,
				F2AA7700000000000000B064 /* StaffMonitorSwiftUI.swift in Sources */,
				F2AA7700000000000000B063 /* AgentGrowthSwiftUI.swift in Sources */,
				F2AA7700000000000000B062 /* KnownPeopleSwiftUI.swift in Sources */,
				F2AA7700000000000000B061 /* TradingStaffSwiftUI.swift in Sources */,
				F2AA7700000000000000B060 /* CatalogImagesSwiftUI.swift in Sources */,
				F2AA7700000000000000B05F /* AgentWhatsappSwiftUI.swift in Sources */,
				F2AA7700000000000000B05E /* AgentCostsSwiftUI.swift in Sources */,
				F2AA7700000000000000B05D /* SettingsTelegramSwiftUI.swift in Sources */,
				F2AA7700000000000000B05C /* SettingsSessionSwiftUI.swift in Sources */,
				F2AA7700000000000000B05B /* SettingsBrandingSwiftUI.swift in Sources */,
				F2AA7700000000000000B05A /* SettingsSmsSwiftUI.swift in Sources */,
				F2AA7700000000000000B059 /* SettingsDatabaseSwiftUI.swift in Sources */,
				F2AA7700000000000000B058 /* PortalSwiftUI.swift in Sources */,
				F2AA7700000000000000B057 /* PortalOfficeSwiftUI.swift in Sources */,
				F2AA7700000000000000B056 /* SupplierImportSwiftUI.swift in Sources */,
				F2AA7700000000000000B055 /* SettingsUsersSwiftUI.swift in Sources */,
				F2AA7700000000000000B054 /* SettingsNotificationsSwiftUI.swift in Sources */,
				F2AA7700000000000000B053 /* PortalExpenseSwiftUI.swift in Sources */,
				F2AA7700000000000000B052 /* PaymentAccountsSwiftUI.swift in Sources */,
				F2AA7700000000000000B051 /* SystemDiagnosticsSwiftUI.swift in Sources */,
				F2AA7700000000000000B050 /* InsightsSwiftUI.swift in Sources */,
				F2AA7700000000000000B04F /* BusinessArchiveSwiftUI.swift in Sources */,
				F2AA7700000000000000B04E /* TaskSpotlightSwiftUI.swift in Sources */,
				F2AA7700000000000000B04D /* BriefingSwiftUI.swift in Sources */,
				F2AA7700000000000000B04C /* AnalyticsSwiftUI.swift in Sources */,
				F2AA7700000000000000B04B /* AuditSwiftUI.swift in Sources */,
				F2AA7700000000000000B04A /* CrmSwiftUI.swift in Sources */,
				F2AA7700000000000000B049 /* AttendanceSwiftUI.swift in Sources */,
				F2AA7700000000000000B048 /* EmployeesSwiftUI.swift in Sources */,
				F2AA7700000000000000B047 /* InventorySwiftUI.swift in Sources */,
				F2AA7700000000000000B046 /* ActivitySwiftUI.swift in Sources */,
				F2AA7700000000000000B045 /* OfficeFundSwiftUI.swift in Sources */,
				F2AA7700000000000000B044 /* PayrollSwiftUI.swift in Sources */,
				F2AA7700000000000000B043 /* ExpensesSwiftUI.swift in Sources */,
				F2AA7700000000000000B042 /* InvoicesSwiftUI.swift in Sources */,
				F2AA7700000000000000B041 /* FinanceSwiftUI.swift in Sources */,
				F2AA7700000000000000B080 /* DashboardSwiftUI.swift in Sources */,
				F2AA7700000000000000B040 /* AlmaNativeRouter.swift in Sources */,
				F2AA7700000000000000B014 /* ApprovalsSwiftUI.swift in Sources */,
				F2AA7700000000000000B015 /* CompanionSwiftUI.swift in Sources */,
				F2AA7700000000000000B016 /* OrderCreateSwiftUI.swift in Sources */,
			);
			runOnlyForDeploymentPostprocessing = 0;
		};
		B1AA2200000000000000C001 /* Sources */ = {
			isa = PBXSourcesBuildPhase;
			buildActionMask = 2147483647;
			files = (
				B1AA2200000000000000B002 /* AlmaWidget.swift in Sources */,
				B1AA2200000000000000B001 /* AlmaWidgetBundle.swift in Sources */,
				C1AA3300000000000000B004 /* PulseLiveActivity.swift in Sources */,
				C1AA3300000000000000B005 /* PulseActivityAttributes.swift in Sources */,
			);
			runOnlyForDeploymentPostprocessing = 0;
		};
/* End PBXSourcesBuildPhase section */

/* Begin PBXVariantGroup section */
		504EC30B1FED79650016851F /* Main.storyboard */ = {
			isa = PBXVariantGroup;
			children = (
				504EC30C1FED79650016851F /* Base */,
			);
			name = Main.storyboard;
			sourceTree = "<group>";
		};
		504EC3101FED79650016851F /* LaunchScreen.storyboard */ = {
			isa = PBXVariantGroup;
			children = (
				504EC3111FED79650016851F /* Base */,
			);
			name = LaunchScreen.storyboard;
			sourceTree = "<group>";
		};
/* End PBXVariantGroup section */

/* Begin XCBuildConfiguration section */
		504EC3141FED79650016851F /* Debug */ = {
			isa = XCBuildConfiguration;
			buildSettings = {
				ALWAYS_SEARCH_USER_PATHS = NO;
				CLANG_ANALYZER_NONNULL = YES;
				CLANG_ANALYZER_NUMBER_OBJECT_CONVERSION = YES_AGGRESSIVE;
				CLANG_CXX_LANGUAGE_STANDARD = "gnu++14";
				CLANG_CXX_LIBRARY = "libc++";
				CLANG_ENABLE_MODULES = YES;
				CLANG_ENABLE_OBJC_ARC = YES;
				CLANG_WARN_BLOCK_CAPTURE_AUTORELEASING = YES;
				CLANG_WARN_BOOL_CONVERSION = YES;
				CLANG_WARN_COMMA = YES;
				CLANG_WARN_CONSTANT_CONVERSION = YES;
				CLANG_WARN_DIRECT_OBJC_ISA_USAGE = YES_ERROR;
				CLANG_WARN_DOCUMENTATION_COMMENTS = YES;
				CLANG_WARN_EMPTY_BODY = YES;
				CLANG_WARN_ENUM_CONVERSION = YES;
				CLANG_WARN_INFINITE_RECURSION = YES;
				CLANG_WARN_INT_CONVERSION = YES;
				CLANG_WARN_NON_LITERAL_NULL_CONVERSION = YES;
				CLANG_WARN_OBJC_LITERAL_CONVERSION = YES;
				CLANG_WARN_OBJC_ROOT_CLASS = YES_ERROR;
				CLANG_WARN_RANGE_LOOP_ANALYSIS = YES;
				CLANG_WARN_STRICT_PROTOTYPES = YES;
				CLANG_WARN_SUSPICIOUS_MOVE = YES;
				CLANG_WARN_UNGUARDED_AVAILABILITY = YES_AGGRESSIVE;
				CLANG_WARN_UNREACHABLE_CODE = YES;
				CLANG_WARN__DUPLICATE_METHOD_MATCH = YES;
				CODE_SIGN_IDENTITY = "iPhone Developer";
				COPY_PHASE_STRIP = NO;
				DEBUG_INFORMATION_FORMAT = dwarf;
				ENABLE_STRICT_OBJC_MSGSEND = YES;
				ENABLE_TESTABILITY = YES;
				GCC_C_LANGUAGE_STANDARD = gnu11;
				GCC_DYNAMIC_NO_PIC = NO;
				GCC_NO_COMMON_BLOCKS = YES;
				GCC_OPTIMIZATION_LEVEL = 0;
				GCC_PREPROCESSOR_DEFINITIONS = (
					"DEBUG=1",
					"$(inherited)",
				);
				GCC_WARN_64_TO_32_BIT_CONVERSION = YES;
				GCC_WARN_ABOUT_RETURN_TYPE = YES_ERROR;
				GCC_WARN_UNDECLARED_SELECTOR = YES;
				GCC_WARN_UNINITIALIZED_AUTOS = YES_AGGRESSIVE;
				GCC_WARN_UNUSED_FUNCTION = YES;
				GCC_WARN_UNUSED_VARIABLE = YES;
				IPHONEOS_DEPLOYMENT_TARGET = 16.0;
				MTL_ENABLE_DEBUG_INFO = YES;
				ONLY_ACTIVE_ARCH = YES;
				SDKROOT = iphoneos;
				SWIFT_ACTIVE_COMPILATION_CONDITIONS = DEBUG;
				SWIFT_OPTIMIZATION_LEVEL = "-Onone";
			};
			name = Debug;
		};
		504EC3151FED79650016851F /* Release */ = {
			isa = XCBuildConfiguration;
			buildSettings = {
				ALWAYS_SEARCH_USER_PATHS = NO;
				CLANG_ANALYZER_NONNULL = YES;
				CLANG_ANALYZER_NUMBER_OBJECT_CONVERSION = YES_AGGRESSIVE;
				CLANG_CXX_LANGUAGE_STANDARD = "gnu++14";
				CLANG_CXX_LIBRARY = "libc++";
				CLANG_ENABLE_MODULES = YES;
				CLANG_ENABLE_OBJC_ARC = YES;
				CLANG_WARN_BLOCK_CAPTURE_AUTORELEASING = YES;
				CLANG_WARN_BOOL_CONVERSION = YES;
				CLANG_WARN_COMMA = YES;
				CLANG_WARN_CONSTANT_CONVERSION = YES;
				CLANG_WARN_DIRECT_OBJC_ISA_USAGE = YES_ERROR;
				CLANG_WARN_DOCUMENTATION_COMMENTS = YES;
				CLANG_WARN_EMPTY_BODY = YES;
				CLANG_WARN_ENUM_CONVERSION = YES;
				CLANG_WARN_INFINITE_RECURSION = YES;
				CLANG_WARN_INT_CONVERSION = YES;
				CLANG_WARN_NON_LITERAL_NULL_CONVERSION = YES;
				CLANG_WARN_OBJC_LITERAL_CONVERSION = YES;
				CLANG_WARN_OBJC_ROOT_CLASS = YES_ERROR;
				CLANG_WARN_RANGE_LOOP_ANALYSIS = YES;
				CLANG_WARN_STRICT_PROTOTYPES = YES;
				CLANG_WARN_SUSPICIOUS_MOVE = YES;
				CLANG_WARN_UNGUARDED_AVAILABILITY = YES_AGGRESSIVE;
				CLANG_WARN_UNREACHABLE_CODE = YES;
				CLANG_WARN__DUPLICATE_METHOD_MATCH = YES;
				CODE_SIGN_IDENTITY = "iPhone Developer";
				COPY_PHASE_STRIP = NO;
				DEBUG_INFORMATION_FORMAT = "dwarf-with-dsym";
				ENABLE_NS_ASSERTIONS = NO;
				ENABLE_STRICT_OBJC_MSGSEND = YES;
				GCC_C_LANGUAGE_STANDARD = gnu11;
				GCC_NO_COMMON_BLOCKS = YES;
				GCC_WARN_64_TO_32_BIT_CONVERSION = YES;
				GCC_WARN_ABOUT_RETURN_TYPE = YES_ERROR;
				GCC_WARN_UNDECLARED_SELECTOR = YES;
				GCC_WARN_UNINITIALIZED_AUTOS = YES_AGGRESSIVE;
				GCC_WARN_UNUSED_FUNCTION = YES;
				GCC_WARN_UNUSED_VARIABLE = YES;
				IPHONEOS_DEPLOYMENT_TARGET = 16.0;
				MTL_ENABLE_DEBUG_INFO = NO;
				SDKROOT = iphoneos;
				SWIFT_OPTIMIZATION_LEVEL = "-Owholemodule";
				VALIDATE_PRODUCT = YES;
			};
			name = Release;
		};
		504EC3171FED79650016851F /* Debug */ = {
			isa = XCBuildConfiguration;
			baseConfigurationReference = FC68EB0AF532CFC21C3344DD /* Pods-App.debug.xcconfig */;
			buildSettings = {
				ASSETCATALOG_COMPILER_APPICON_NAME = AppIcon;
				CODE_SIGN_ENTITLEMENTS = App/App.entitlements;
				CODE_SIGN_STYLE = Automatic;
				CURRENT_PROJECT_VERSION = 40;
				DEVELOPMENT_TEAM = 5D9FLR3MMA;
				INFOPLIST_FILE = App/Info.plist;
				IPHONEOS_DEPLOYMENT_TARGET = 16.0;
				LD_RUNPATH_SEARCH_PATHS = "$(inherited) @executable_path/Frameworks";
				MARKETING_VERSION = 1.0;
				OTHER_SWIFT_FLAGS = "$(inherited) \"-D\" \"COCOAPODS\" \"-DDEBUG\"";
				PRODUCT_BUNDLE_IDENTIFIER = com.almatraders.erp;
				PRODUCT_NAME = "$(TARGET_NAME)";
				SWIFT_ACTIVE_COMPILATION_CONDITIONS = DEBUG;
				SWIFT_VERSION = 5.0;
				TARGETED_DEVICE_FAMILY = "1,2";
			};
			name = Debug;
		};
		504EC3181FED79650016851F /* Release */ = {
			isa = XCBuildConfiguration;
			baseConfigurationReference = AF51FD2D460BCFE21FA515B2 /* Pods-App.release.xcconfig */;
			buildSettings = {
				ASSETCATALOG_COMPILER_APPICON_NAME = AppIcon;
				CODE_SIGN_ENTITLEMENTS = App/App.entitlements;
				CODE_SIGN_STYLE = Automatic;
				CURRENT_PROJECT_VERSION = 40;
				DEVELOPMENT_TEAM = 5D9FLR3MMA;
				INFOPLIST_FILE = App/Info.plist;
				IPHONEOS_DEPLOYMENT_TARGET = 16.0;
				LD_RUNPATH_SEARCH_PATHS = "$(inherited) @executable_path/Frameworks";
				MARKETING_VERSION = 1.0;
				PRODUCT_BUNDLE_IDENTIFIER = com.almatraders.erp;
				PRODUCT_NAME = "$(TARGET_NAME)";
				SWIFT_ACTIVE_COMPILATION_CONDITIONS = "";
				SWIFT_VERSION = 5.0;
				TARGETED_DEVICE_FAMILY = "1,2";
			};
			name = Release;
		};
		B1AA2200000000000000D002 /* Debug */ = {
			isa = XCBuildConfiguration;
			buildSettings = {
				CODE_SIGN_ENTITLEMENTS = AlmaWidget/AlmaWidget.entitlements;
				CODE_SIGN_STYLE = Automatic;
				CURRENT_PROJECT_VERSION = 40;
				DEVELOPMENT_TEAM = 5D9FLR3MMA;
				GENERATE_INFOPLIST_FILE = NO;
				INFOPLIST_FILE = AlmaWidget/Info.plist;
				IPHONEOS_DEPLOYMENT_TARGET = 16.0;
				LD_RUNPATH_SEARCH_PATHS = (
					"$(inherited)",
					"@executable_path/Frameworks",
					"@executable_path/../../Frameworks",
				);
				MARKETING_VERSION = 1.0;
				PRODUCT_BUNDLE_IDENTIFIER = com.almatraders.erp.widget;
				PRODUCT_NAME = "$(TARGET_NAME)";
				SKIP_INSTALL = YES;
				SWIFT_ACTIVE_COMPILATION_CONDITIONS = DEBUG;
				SWIFT_OPTIMIZATION_LEVEL = "-Onone";
				SWIFT_VERSION = 5.0;
				TARGETED_DEVICE_FAMILY = "1,2";
			};
			name = Debug;
		};
		B1AA2200000000000000D003 /* Release */ = {
			isa = XCBuildConfiguration;
			buildSettings = {
				CODE_SIGN_ENTITLEMENTS = AlmaWidget/AlmaWidget.entitlements;
				CODE_SIGN_STYLE = Automatic;
				CURRENT_PROJECT_VERSION = 40;
				DEVELOPMENT_TEAM = 5D9FLR3MMA;
				GENERATE_INFOPLIST_FILE = NO;
				INFOPLIST_FILE = AlmaWidget/Info.plist;
				IPHONEOS_DEPLOYMENT_TARGET = 16.0;
				LD_RUNPATH_SEARCH_PATHS = (
					"$(inherited)",
					"@executable_path/Frameworks",
					"@executable_path/../../Frameworks",
				);
				MARKETING_VERSION = 1.0;
				PRODUCT_BUNDLE_IDENTIFIER = com.almatraders.erp.widget;
				PRODUCT_NAME = "$(TARGET_NAME)";
				SKIP_INSTALL = YES;
				SWIFT_OPTIMIZATION_LEVEL = "-Owholemodule";
				SWIFT_VERSION = 5.0;
				TARGETED_DEVICE_FAMILY = "1,2";
			};
			name = Release;
		};
/* End XCBuildConfiguration section */

/* Begin XCConfigurationList section */
		504EC2FF1FED79650016851F /* Build configuration list for PBXProject "App" */ = {
			isa = XCConfigurationList;
			buildConfigurations = (
				504EC3141FED79650016851F /* Debug */,
				504EC3151FED79650016851F /* Release */,
			);
			defaultConfigurationIsVisible = 0;
			defaultConfigurationName = Release;
		};
		504EC3161FED79650016851F /* Build configuration list for PBXNativeTarget "App" */ = {
			isa = XCConfigurationList;
			buildConfigurations = (
				504EC3171FED79650016851F /* Debug */,
				504EC3181FED79650016851F /* Release */,
			);
			defaultConfigurationIsVisible = 0;
			defaultConfigurationName = Release;
		};
		B1AA2200000000000000D001 /* Build configuration list for PBXNativeTarget "AlmaWidgetExtension" */ = {
			isa = XCConfigurationList;
			buildConfigurations = (
				B1AA2200000000000000D002 /* Debug */,
				B1AA2200000000000000D003 /* Release */,
			);
			defaultConfigurationIsVisible = 0;
			defaultConfigurationName = Release;
		};
/* End XCConfigurationList section */
	};
	rootObject = 504EC2FC1FED79650016851F /* Project object */;
}
