PODS:
  - AgoraInfra_iOS (1.3.5)
  - AgoraRtcEngine_iOS (4.6.2):
    - AgoraRtcEngine_iOS/AIAEC (= 4.6.2)
    - AgoraRtcEngine_iOS/AIAECLL (= 4.6.2)
    - AgoraRtcEngine_iOS/AINS (= 4.6.2)
    - AgoraRtcEngine_iOS/AINSLL (= 4.6.2)
    - AgoraRtcEngine_iOS/AudioBeauty (= 4.6.2)
    - AgoraRtcEngine_iOS/ClearVision (= 4.6.2)
    - AgoraRtcEngine_iOS/ContentInspect (= 4.6.2)
    - AgoraRtcEngine_iOS/FaceCapture (= 4.6.2)
    - AgoraRtcEngine_iOS/FaceDetection (= 4.6.2)
    - AgoraRtcEngine_iOS/LipSync (= 4.6.2)
    - AgoraRtcEngine_iOS/ReplayKit (= 4.6.2)
    - AgoraRtcEngine_iOS/RtcBasic (= 4.6.2)
    - AgoraRtcEngine_iOS/SpatialAudio (= 4.6.2)
    - AgoraRtcEngine_iOS/VideoAv1CodecEnc (= 4.6.2)
    - AgoraRtcEngine_iOS/VideoCodecEnc (= 4.6.2)
    - AgoraRtcEngine_iOS/VirtualBackground (= 4.6.2)
    - AgoraRtcEngine_iOS/VQA (= 4.6.2)
  - AgoraRtcEngine_iOS/AIAEC (4.6.2)
  - AgoraRtcEngine_iOS/AIAECLL (4.6.2)
  - AgoraRtcEngine_iOS/AINS (4.6.2)
  - AgoraRtcEngine_iOS/AINSLL (4.6.2)
  - AgoraRtcEngine_iOS/AudioBeauty (4.6.2)
  - AgoraRtcEngine_iOS/ClearVision (4.6.2)
  - AgoraRtcEngine_iOS/ContentInspect (4.6.2)
  - AgoraRtcEngine_iOS/FaceCapture (4.6.2)
  - AgoraRtcEngine_iOS/FaceDetection (4.6.2)
  - AgoraRtcEngine_iOS/LipSync (4.6.2)
  - AgoraRtcEngine_iOS/ReplayKit (4.6.2)
  - AgoraRtcEngine_iOS/RtcBasic (4.6.2):
    - AgoraInfra_iOS (= 1.3.5)
  - AgoraRtcEngine_iOS/SpatialAudio (4.6.2)
  - AgoraRtcEngine_iOS/VideoAv1CodecEnc (4.6.2)
  - AgoraRtcEngine_iOS/VideoCodecEnc (4.6.2)
  - AgoraRtcEngine_iOS/VirtualBackground (4.6.2)
  - AgoraRtcEngine_iOS/VQA (4.6.2)
  - AparajitaCapacitorBiometricAuth (9.0.0):
    - Capacitor
  - Capacitor (7.6.6):
    - CapacitorCordova
  - CapacitorApp (7.1.2):
    - Capacitor
  - CapacitorCordova (7.6.6)
  - CapacitorGeolocation (7.1.8):
    - Capacitor
    - IONGeolocationLib (= 1.0.1)
  - CapacitorHaptics (7.0.5):
    - Capacitor
  - CapacitorKeyboard (7.0.6):
    - Capacitor
  - CapacitorLocalNotifications (7.0.6):
    - Capacitor
  - CapacitorSplashScreen (7.0.5):
    - Capacitor
  - CapacitorStatusBar (7.0.6):
    - Capacitor
  - CapawesomeCapacitorAppShortcuts (7.5.0):
    - Capacitor
  - IONGeolocationLib (1.0.1)
  - OnesignalCapacitorPlugin (1.1.0):
    - Capacitor
    - OneSignalXCFramework (= 5.5.2)
  - OneSignalXCFramework (5.5.2):
    - OneSignalXCFramework/OneSignalComplete (= 5.5.2)
  - OneSignalXCFramework/OneSignal (5.5.2):
    - OneSignalXCFramework/OneSignalCore
    - OneSignalXCFramework/OneSignalExtension
    - OneSignalXCFramework/OneSignalLiveActivities
    - OneSignalXCFramework/OneSignalNotifications
    - OneSignalXCFramework/OneSignalOSCore
    - OneSignalXCFramework/OneSignalOutcomes
    - OneSignalXCFramework/OneSignalUser
  - OneSignalXCFramework/OneSignalComplete (5.5.2):
    - OneSignalXCFramework/OneSignal
    - OneSignalXCFramework/OneSignalInAppMessages
    - OneSignalXCFramework/OneSignalLocation
  - OneSignalXCFramework/OneSignalCore (5.5.2)
  - OneSignalXCFramework/OneSignalExtension (5.5.2):
    - OneSignalXCFramework/OneSignalCore
    - OneSignalXCFramework/OneSignalOSCore
    - OneSignalXCFramework/OneSignalOutcomes
  - OneSignalXCFramework/OneSignalInAppMessages (5.5.2):
    - OneSignalXCFramework/OneSignalCore
    - OneSignalXCFramework/OneSignalNotifications
    - OneSignalXCFramework/OneSignalOSCore
    - OneSignalXCFramework/OneSignalOutcomes
    - OneSignalXCFramework/OneSignalUser
  - OneSignalXCFramework/OneSignalLiveActivities (5.5.2):
    - OneSignalXCFramework/OneSignalCore
    - OneSignalXCFramework/OneSignalOSCore
    - OneSignalXCFramework/OneSignalUser
  - OneSignalXCFramework/OneSignalLocation (5.5.2):
    - OneSignalXCFramework/OneSignalCore
    - OneSignalXCFramework/OneSignalNotifications
    - OneSignalXCFramework/OneSignalOSCore
    - OneSignalXCFramework/OneSignalUser
  - OneSignalXCFramework/OneSignalNotifications (5.5.2):
    - OneSignalXCFramework/OneSignalCore
    - OneSignalXCFramework/OneSignalExtension
    - OneSignalXCFramework/OneSignalOSCore
    - OneSignalXCFramework/OneSignalOutcomes
  - OneSignalXCFramework/OneSignalOSCore (5.5.2):
    - OneSignalXCFramework/OneSignalCore
  - OneSignalXCFramework/OneSignalOutcomes (5.5.2):
    - OneSignalXCFramework/OneSignalCore
    - OneSignalXCFramework/OneSignalOSCore
  - OneSignalXCFramework/OneSignalUser (5.5.2):
    - OneSignalXCFramework/OneSignalCore
    - OneSignalXCFramework/OneSignalNotifications
    - OneSignalXCFramework/OneSignalOSCore
    - OneSignalXCFramework/OneSignalOutcomes

DEPENDENCIES:
  - AgoraRtcEngine_iOS (~> 4.5)
  - "AparajitaCapacitorBiometricAuth (from `../../node_modules/@aparajita/capacitor-biometric-auth`)"
  - "Capacitor (from `../../node_modules/@capacitor/ios`)"
  - "CapacitorApp (from `../../node_modules/@capacitor/app`)"
  - "CapacitorCordova (from `../../node_modules/@capacitor/ios`)"
  - "CapacitorGeolocation (from `../../node_modules/@capacitor/geolocation`)"
  - "CapacitorHaptics (from `../../node_modules/@capacitor/haptics`)"
  - "CapacitorKeyboard (from `../../node_modules/@capacitor/keyboard`)"
  - "CapacitorLocalNotifications (from `../../node_modules/@capacitor/local-notifications`)"
  - "CapacitorSplashScreen (from `../../node_modules/@capacitor/splash-screen`)"
  - "CapacitorStatusBar (from `../../node_modules/@capacitor/status-bar`)"
  - "CapawesomeCapacitorAppShortcuts (from `../../node_modules/@capawesome/capacitor-app-shortcuts`)"
  - "OnesignalCapacitorPlugin (from `../../node_modules/@onesignal/capacitor-plugin`)"

SPEC REPOS:
  trunk:
    - AgoraInfra_iOS
    - AgoraRtcEngine_iOS
    - IONGeolocationLib
    - OneSignalXCFramework

EXTERNAL SOURCES:
  AparajitaCapacitorBiometricAuth:
    :path: "../../node_modules/@aparajita/capacitor-biometric-auth"
  Capacitor:
    :path: "../../node_modules/@capacitor/ios"
  CapacitorApp:
    :path: "../../node_modules/@capacitor/app"
  CapacitorCordova:
    :path: "../../node_modules/@capacitor/ios"
  CapacitorGeolocation:
    :path: "../../node_modules/@capacitor/geolocation"
  CapacitorHaptics:
    :path: "../../node_modules/@capacitor/haptics"
  CapacitorKeyboard:
    :path: "../../node_modules/@capacitor/keyboard"
  CapacitorLocalNotifications:
    :path: "../../node_modules/@capacitor/local-notifications"
  CapacitorSplashScreen:
    :path: "../../node_modules/@capacitor/splash-screen"
  CapacitorStatusBar:
    :path: "../../node_modules/@capacitor/status-bar"
  CapawesomeCapacitorAppShortcuts:
    :path: "../../node_modules/@capawesome/capacitor-app-shortcuts"
  OnesignalCapacitorPlugin:
    :path: "../../node_modules/@onesignal/capacitor-plugin"

SPEC CHECKSUMS:
  AgoraInfra_iOS: 0bf927aad4fc425b24ca5d094b333361960f5cb0
  AgoraRtcEngine_iOS: 11f37dd846d6194a5268b084b99102e5b6aff0de
  AparajitaCapacitorBiometricAuth: 927af2690bc39fbebac98e58ce4e4d2d6178f335
  Capacitor: 05a1e43920a77b2607b6d7502734f70d182b01a8
  CapacitorApp: 6b89831465d6bc99bc89779b1b7f5327e33011ce
  CapacitorCordova: 3a4e0027a89a59421c918d19aee9d6ba1c7a3556
  CapacitorGeolocation: de4b0ccf90140528184e31676dd5e3a328eb589a
  CapacitorHaptics: ec024a10130c230743219149c76a02da5cff6aed
  CapacitorKeyboard: c94c84755e1500d2c6dccd74bad018bb359e3543
  CapacitorLocalNotifications: ae0b5008877d68731d693156fe21d786d30a4feb
  CapacitorSplashScreen: b3d12b4324d93ce605fe57f05a199ade7f26189e
  CapacitorStatusBar: a3acb591ff56301e28aa1a01791ba74a8e1faabb
  CapawesomeCapacitorAppShortcuts: af1efcc8a7cdc5cbf4e5e51f1d4b8776edf10015
  IONGeolocationLib: 20f9d0248a0b5264511fb57a37e25dd2badf797a
  OnesignalCapacitorPlugin: 4fa3fe705beed7295290b24025e12b7f5bc1ba7e
  OneSignalXCFramework: 2f46ff87ccefd9afe8e3b5f9fe357072191205ff

PODFILE CHECKSUM: dba14997a9bf59268b57ff675dbea043b5bbf0bf

COCOAPODS: 1.12.1
